// !$*UTF8*$!
{
	archiveVersion = 1;
	classes = {
	};
	objectVersion = 48;
	objects = {

/* Begin PBXBuildFile section */
		A7E9BEFE2035FE2A00641E01 /* main.cpp in Sources */ = {isa = PBXBuildFile; fileRef = A7E9BEFD2035FE2A00641E01 /* main.cpp */; };
		A7E9BF102036041C00641E01 /* libsfml-audio.2.4.2.dylib in Frameworks */ = {isa = PBXBuildFile; fileRef = A7E9BF0F2036041B00641E01 /* libsfml-audio.2.4.2.dylib */; };
		A7E9BF132036095B00641E01 /* SerialPort.cpp in Sources */ = {isa = PBXBuildFile; fileRef = A7E9BF122036095B00641E01 /* SerialPort.cpp */; };
		A7E9BF162036098F00641E01 /* animation.cpp in Sources */ = {isa = PBXBuildFile; fileRef = A7E9BF142036098F00641E01 /* animation.cpp */; };
		A7E9BF19203609F200641E01 /* Tools.cpp in Sources */ = {isa = PBXBuildFile; fileRef = A7E9BF17203609F200641E01 /* Tools.cpp */; };
/* End PBXBuildFile section */

/* Begin PBXCopyFilesBuildPhase section */
		A7E9BEF82035FE2A00641E01 /* CopyFiles */ = {
			isa = PBXCopyFilesBuildPhase;
			buildActionMask = 2147483647;
			dstPath = /usr/share/man/man1/;
			dstSubfolderSpec = 0;
			files = (
			);
			runOnlyForDeploymentPostprocessing = 1;
		};
/* End PBXCopyFilesBuildPhase section */

/* Begin PBXFileReference section */
		A7E9BEFA2035FE2A00641E01 /* Thunder9 */ = {isa = PBXFileReference; explicitFileType = "compiled.mach-o.executable"; includeInIndex = 0; path = Thunder9; sourceTree = BUILT_PRODUCTS_DIR; };
		A7E9BEFD2035FE2A00641E01 /* main.cpp */ = {isa = PBXFileReference; lastKnownFileType = sourcecode.cpp.cpp; path = main.cpp; sourceTree = "<group>"; };
		A7E9BF052035FF1F00641E01 /* libsfml-network.2.4.2.dylib */ = {isa = PBXFileReference; lastKnownFileType = "compiled.mach-o.dylib"; name = "libsfml-network.2.4.2.dylib"; path = "ExternalLibrairies/SFML/lib/libsfml-network.2.4.2.dylib"; sourceTree = "<group>"; };
		A7E9BF062035FF1F00641E01 /* libsfml-graphics.2.4.2.dylib */ = {isa = PBXFileReference; lastKnownFileType = "compiled.mach-o.dylib"; name = "libsfml-graphics.2.4.2.dylib"; path = "ExternalLibrairies/SFML/lib/libsfml-graphics.2.4.2.dylib"; sourceTree = "<group>"; };
		A7E9BF072035FF1F00641E01 /* libsfml-audio.2.4.2.dylib */ = {isa = PBXFileReference; lastKnownFileType = "compiled.mach-o.dylib"; name = "libsfml-audio.2.4.2.dylib"; path = "ExternalLibrairies/SFML/lib/libsfml-audio.2.4.2.dylib"; sourceTree = "<group>"; };
		A7E9BF082035FF1F00641E01 /* libsfml-window.2.4.2.dylib */ = {isa = PBXFileReference; lastKnownFileType = "compiled.mach-o.dylib"; name = "libsfml-window.2.4.2.dylib"; path = "ExternalLibrairies/SFML/lib/libsfml-window.2.4.2.dylib"; sourceTree = "<group>"; };
		A7E9BF092035FF1F00641E01 /* libsfml-system.2.4.2.dylib */ = {isa = PBXFileReference; lastKnownFileType = "compiled.mach-o.dylib"; name = "libsfml-system.2.4.2.dylib"; path = "ExternalLibrairies/SFML/lib/libsfml-system.2.4.2.dylib"; sourceTree = "<group>"; };
		A7E9BF0F2036041B00641E01 /* libsfml-audio.2.4.2.dylib */ = {isa = PBXFileReference; lastKnownFileType = "compiled.mach-o.dylib"; name = "libsfml-audio.2.4.2.dylib"; path = "../../../../../usr/local/Cellar/sfml/2.4.2_1/lib/libsfml-audio.2.4.2.dylib"; sourceTree = "<group>"; };
		A7E9BF112036093500641E01 /* SerialPort.h */ = {isa = PBXFileReference; lastKnownFileType = sourcecode.c.h; path = SerialPort.h; sourceTree = "<group>"; };
		A7E9BF122036095B00641E01 /* SerialPort.cpp */ = {isa = PBXFileReference; lastKnownFileType = sourcecode.cpp.cpp; path = SerialPort.cpp; sourceTree = "<group>"; };
		A7E9BF142036098F00641E01 /* animation.cpp */ = {isa = PBXFileReference; lastKnownFileType = sourcecode.cpp.cpp; path = animation.cpp; sourceTree = "<group>"; };
		A7E9BF152036098F00641E01 /* animation.hpp */ = {isa = PBXFileReference; lastKnownFileType = sourcecode.cpp.h; path = animation.hpp; sourceTree = "<group>"; };
		A7E9BF17203609F200641E01 /* Tools.cpp */ = {isa = PBXFileReference; lastKnownFileType = sourcecode.cpp.cpp; path = Tools.cpp; sourceTree = "<group>"; };
		A7E9BF18203609F200641E01 /* Tools.hpp */ = {isa = PBXFileReference; lastKnownFileType = sourcecode.cpp.h; path = Tools.hpp; sourceTree = "<group>"; };
/* End PBXFileReference section */

/* Begin PBXFrameworksBuildPhase section */
		A7E9BEF72035FE2A00641E01 /* Frameworks */ = {
			isa = PBXFrameworksBuildPhase;
			buildActionMask = 2147483647;
			files = (
				A7E9BF102036041C00641E01 /* libsfml-audio.2.4.2.dylib in Frameworks */,
			);
			runOnlyForDeploymentPostprocessing = 0;
		};
/* End PBXFrameworksBuildPhase section */

/* Begin PBXGroup section */
		A7E9BEF12035FE2A00641E01 = {
			isa = PBXGroup;
			children = (
				A7E9BEFC2035FE2A00641E01 /* Thunder9 */,
				A7E9BEFB2035FE2A00641E01 /* Products */,
				A7E9BF042035FF1E00641E01 /* Frameworks */,
			);
			sourceTree = "<group>";
		};
		A7E9BEFB2035FE2A00641E01 /* Products */ = {
			isa = PBXGroup;
			children = (
				A7E9BEFA2035FE2A00641E01 /* Thunder9 */,
			);
			name = Products;
			sourceTree = "<group>";
		};
		A7E9BEFC2035FE2A00641E01 /* Thunder9 */ = {
			isa = PBXGroup;
			children = (
				A7E9BF17203609F200641E01 /* Tools.cpp */,
				A7E9BF18203609F200641E01 /* Tools.hpp */,
				A7E9BEFD2035FE2A00641E01 /* main.cpp */,
				A7E9BF142036098F00641E01 /* animation.cpp */,
				A7E9BF152036098F00641E01 /* animation.hpp */,
				A7E9BF112036093500641E01 /* SerialPort.h */,
				A7E9BF122036095B00641E01 /* SerialPort.cpp */,
			);
			path = Thunder9;
			sourceTree = "<group>";
		};
		A7E9BF042035FF1E00641E01 /* Frameworks */ = {
			isa = PBXGroup;
			children = (
				A7E9BF072035FF1F00641E01 /* libsfml-audio.2.4.2.dylib */,
				A7E9BF0F2036041B00641E01 /* libsfml-audio.2.4.2.dylib */,
				A7E9BF062035FF1F00641E01 /* libsfml-graphics.2.4.2.dylib */,
				A7E9BF052035FF1F00641E01 /* libsfml-network.2.4.2.dylib */,
				A7E9BF092035FF1F00641E01 /* libsfml-system.2.4.2.dylib */,
				A7E9BF082035FF1F00641E01 /* libsfml-window.2.4.2.dylib */,
			);
			name = Frameworks;
			sourceTree = "<group>";
		};
/* End PBXGroup section */

/* Begin PBXNativeTarget section */
		A7E9BEF92035FE2A00641E01 /* Thunder9 */ = {
			isa = PBXNativeTarget;
			buildConfigurationList = A7E9BF012035FE2A00641E01 /* Build configuration list for PBXNativeTarget "Thunder9" */;
			buildPhases = (
				A7E9BEF62035FE2A00641E01 /* Sources */,
				A7E9BEF72035FE2A00641E01 /* Frameworks */,
				A7E9BEF82035FE2A00641E01 /* CopyFiles */,
			);
			buildRules = (
			);
			dependencies = (
			);
			name = Thunder9;
			productName = Thunder9;
			productReference = A7E9BEFA2035FE2A00641E01 /* Thunder9 */;
			productType = "com.apple.product-type.tool";
		};
/* End PBXNativeTarget section */

/* Begin PBXProject section */
		A7E9BEF22035FE2A00641E01 /* Project object */ = {
			isa = PBXProject;
			attributes = {
				LastUpgradeCheck = 0920;
				ORGANIZATIONNAME = "Alexandre PEREZ";
				TargetAttributes = {
					A7E9BEF92035FE2A00641E01 = {
						CreatedOnToolsVersion = 9.2;
						ProvisioningStyle = Automatic;
					};
				};
			};
			buildConfigurationList = A7E9BEF52035FE2A00641E01 /* Build configuration list for PBXProject "Thunder9" */;
			compatibilityVersion = "Xcode 8.0";
			developmentRegion = en;
			hasScannedForEncodings = 0;
			knownRegions = (
				en,
			);
			mainGroup = A7E9BEF12035FE2A00641E01;
			productRefGroup = A7E9BEFB2035FE2A00641E01 /* Products */;
			projectDirPath = "";
			projectRoot = "";
			targets = (
				A7E9BEF92035FE2A00641E01 /* Thunder9 */,
			);
		};
/* End PBXProject section */

/* Begin PBXSourcesBuildPhase section */
		A7E9BEF62035FE2A00641E01 /* Sources */ = {
			isa = PBXSourcesBuildPhase;
			buildActionMask = 2147483647;
			files = (
				A7E9BF132036095B00641E01 /* SerialPort.cpp in Sources */,
				A7E9BF162036098F00641E01 /* animation.cpp in Sources */,
				A7E9BEFE2035FE2A00641E01 /* main.cpp in Sources */,
				A7E9BF19203609F200641E01 /* Tools.cpp in Sources */,
			);
			runOnlyForDeploymentPostprocessing = 0;
		};
/* End PBXSourcesBuildPhase section */

/* Begin XCBuildConfiguration section */
		A7E9BEFF2035FE2A00641E01 /* Debug */ = {
			isa = XCBuildConfiguration;
			buildSettings = {
				ALWAYS_SEARCH_USER_PATHS = NO;
				CLANG_ANALYZER_NONNULL = YES;
				CLANG_ANALYZER_NUMBER_OBJECT_CONVERSION = YES_AGGRESSIVE;
				CLANG_CXX_LANGUAGE_STANDARD = "gnu++14";
				CLANG_CXX_LIBRARY = "libc++";
				CLANG_ENABLE_MODULES = YES;
				CLANG_ENABLE_OBJC_ARC = YES;
				CLANG_WARN_BLOCK_CAPTURE_AUTORELEASING = YES;
				CLANG_WARN_BOOL_CONVERSION = YES;
				CLANG_WARN_COMMA = YES;
				CLANG_WARN_CONSTANT_CONVERSION = YES;
				CLANG_WARN_DIRECT_OBJC_ISA_USAGE = YES_ERROR;
				CLANG_WARN_DOCUMENTATION_COMMENTS = YES;
				CLANG_WARN_EMPTY_BODY = YES;
				CLANG_WARN_ENUM_CONVERSION = YES;
				CLANG_WARN_INFINITE_RECURSION = YES;
				CLANG_WARN_INT_CONVERSION = YES;
				CLANG_WARN_NON_LITERAL_NULL_CONVERSION = YES;
				CLANG_WARN_OBJC_LITERAL_CONVERSION = YES;
				CLANG_WARN_OBJC_ROOT_CLASS = YES_ERROR;
				CLANG_WARN_RANGE_LOOP_ANALYSIS = YES;
				CLANG_WARN_STRICT_PROTOTYPES = YES;
				CLANG_WARN_SUSPICIOUS_MOVE = YES;
				CLANG_WARN_UNGUARDED_AVAILABILITY = YES_AGGRESSIVE;
				CLANG_WARN_UNREACHABLE_CODE = YES;
				CLANG_WARN__DUPLICATE_METHOD_MATCH = YES;
				CODE_SIGN_IDENTITY = "-";
				COPY_PHASE_STRIP = NO;
				DEBUG_INFORMATION_FORMAT = dwarf;
				ENABLE_STRICT_OBJC_MSGSEND = YES;
				ENABLE_TESTABILITY = YES;
				GCC_C_LANGUAGE_STANDARD = gnu11;
				GCC_DYNAMIC_NO_PIC = NO;
				GCC_NO_COMMON_BLOCKS = YES;
				GCC_OPTIMIZATION_LEVEL = 0;
				GCC_PREPROCESSOR_DEFINITIONS = (
					"DEBUG=1",
					"$(inherited)",
				);
				GCC_WARN_64_TO_32_BIT_CONVERSION = YES;
				GCC_WARN_ABOUT_RETURN_TYPE = YES_ERROR;
				GCC_WARN_UNDECLARED_SELECTOR = YES;
				GCC_WARN_UNINITIALIZED_AUTOS = YES_AGGRESSIVE;
				GCC_WARN_UNUSED_FUNCTION = YES;
				GCC_WARN_UNUSED_VARIABLE = YES;
				MACOSX_DEPLOYMENT_TARGET = 10.13;
				MTL_ENABLE_DEBUG_INFO = YES;
				ONLY_ACTIVE_ARCH = YES;
				SDKROOT = macosx;
			};
			name = Debug;
		};
		A7E9BF002035FE2A00641E01 /* Release */ = {
			isa = XCBuildConfiguration;
			buildSettings = {
				ALWAYS_SEARCH_USER_PATHS = NO;
				CLANG_ANALYZER_NONNULL = YES;
				CLANG_ANALYZER_NUMBER_OBJECT_CONVERSION = YES_AGGRESSIVE;
				CLANG_CXX_LANGUAGE_STANDARD = "gnu++14";
				CLANG_CXX_LIBRARY = "libc++";
				CLANG_ENABLE_MODULES = YES;
				CLANG_ENABLE_OBJC_ARC = YES;
				CLANG_WARN_BLOCK_CAPTURE_AUTORELEASING = YES;
				CLANG_WARN_BOOL_CONVERSION = YES;
				CLANG_WARN_COMMA = YES;
				CLANG_WARN_CONSTANT_CONVERSION = YES;
				CLANG_WARN_DIRECT_OBJC_ISA_USAGE = YES_ERROR;
				CLANG_WARN_DOCUMENTATION_COMMENTS = YES;
				CLANG_WARN_EMPTY_BODY = YES;
				CLANG_WARN_ENUM_CONVERSION = YES;
				CLANG_WARN_INFINITE_RECURSION = YES;
				CLANG_WARN_INT_CONVERSION = YES;
				CLANG_WARN_NON_LITERAL_NULL_CONVERSION = YES;
				CLANG_WARN_OBJC_LITERAL_CONVERSION = YES;
				CLANG_WARN_OBJC_ROOT_CLASS = YES_ERROR;
				CLANG_WARN_RANGE_LOOP_ANALYSIS = YES;
				CLANG_WARN_STRICT_PROTOTYPES = YES;
				CLANG_WARN_SUSPICIOUS_MOVE = YES;
				CLANG_WARN_UNGUARDED_AVAILABILITY = YES_AGGRESSIVE;
				CLANG_WARN_UNREACHABLE_CODE = YES;
				CLANG_WARN__DUPLICATE_METHOD_MATCH = YES;
				CODE_SIGN_IDENTITY = "-";
				COPY_PHASE_STRIP = NO;
				DEBUG_INFORMATION_FORMAT = "dwarf-with-dsym";
				ENABLE_NS_ASSERTIONS = NO;
				ENABLE_STRICT_OBJC_MSGSEND = YES;
				GCC_C_LANGUAGE_STANDARD = gnu11;
				GCC_NO_COMMON_BLOCKS = YES;
				GCC_WARN_64_TO_32_BIT_CONVERSION = YES;
				GCC_WARN_ABOUT_RETURN_TYPE = YES_ERROR;
				GCC_WARN_UNDECLARED_SELECTOR = YES;
				GCC_WARN_UNINITIALIZED_AUTOS = YES_AGGRESSIVE;
				GCC_WARN_UNUSED_FUNCTION = YES;
				GCC_WARN_UNUSED_VARIABLE = YES;
				MACOSX_DEPLOYMENT_TARGET = 10.13;
				MTL_ENABLE_DEBUG_INFO = NO;
				SDKROOT = macosx;
			};
			name = Release;
		};
		A7E9BF022035FE2A00641E01 /* Debug */ = {
			isa = XCBuildConfiguration;
			buildSettings = {
				CODE_SIGN_STYLE = Automatic;
				HEADER_SEARCH_PATHS = /usr/local/Cellar/sfml/2.4.2_1/include;
				LIBRARY_SEARCH_PATHS = (
					"$(inherited)",
					/usr/local/Cellar/sfml/2.4.2_1/lib,
				);
				PRODUCT_NAME = "$(TARGET_NAME)";
			};
			name = Debug;
		};
		A7E9BF032035FE2A00641E01 /* Release */ = {
			isa = XCBuildConfiguration;
			buildSettings = {
				CODE_SIGN_STYLE = Automatic;
				HEADER_SEARCH_PATHS = /usr/local/Cellar/sfml/2.4.2_1/include;
				LIBRARY_SEARCH_PATHS = (
					"$(inherited)",
					/usr/local/Cellar/sfml/2.4.2_1/lib,
				);
				PRODUCT_NAME = "$(TARGET_NAME)";
			};
			name = Release;
		};
/* End XCBuildConfiguration section */

/* Begin XCConfigurationList section */
		A7E9BEF52035FE2A00641E01 /* Build configuration list for PBXProject "Thunder9" */ = {
			isa = XCConfigurationList;
			buildConfigurations = (
				A7E9BEFF2035FE2A00641E01 /* Debug */,
				A7E9BF002035FE2A00641E01 /* Release */,
			);
			defaultConfigurationIsVisible = 0;
			defaultConfigurationName = Release;
		};
		A7E9BF012035FE2A00641E01 /* Build configuration list for PBXNativeTarget "Thunder9" */ = {
			isa = XCConfigurationList;
			buildConfigurations = (
				A7E9BF022035FE2A00641E01 /* Debug */,
				A7E9BF032035FE2A00641E01 /* Release */,
			);
			defaultConfigurationIsVisible = 0;
			defaultConfigurationName = Release;
		};
/* End XCConfigurationList section */
	};
	rootObject = A7E9BEF22035FE2A00641E01 /* Project object */;
}
